// !$*UTF8*$!
{
	archiveVersion = 1;
	classes = {
	};
	objectVersion = 60;
	objects = {

/* Begin PBXBuildFile section */
		5E2E81542A66C74900FD7F11 /* RootView.swift in Sources */ = {isa = PBXBuildFile; fileRef = 5E2E81532A66C74900FD7F11 /* RootView.swift */; };
		5E2E81572A66C7C100FD7F11 /* AppState.swift in Sources */ = {isa = PBXBuildFile; fileRef = 5E2E81562A66C7C100FD7F11 /* AppState.swift */; };
		5E2E81592A66C7E300FD7F11 /* Tab.swift in Sources */ = {isa = PBXBuildFile; fileRef = 5E2E81582A66C7E300FD7F11 /* Tab.swift */; };
		5E2E815E2A66FACE00FD7F11 /* MenuView.swift in Sources */ = {isa = PBXBuildFile; fileRef = 5E2E815D2A66FACE00FD7F11 /* MenuView.swift */; };
		5E2E81602A66FE9400FD7F11 /* AppInfo.swift in Sources */ = {isa = PBXBuildFile; fileRef = 5E2E815F2A66FE9400FD7F11 /* AppInfo.swift */; };
		5E2E81622A670B5D00FD7F11 /* SearchView.swift in Sources */ = {isa = PBXBuildFile; fileRef = 5E2E81612A670B5D00FD7F11 /* SearchView.swift */; };
		5E2E81642A670B8200FD7F11 /* SearchViewModel.swift in Sources */ = {isa = PBXBuildFile; fileRef = 5E2E81632A670B8200FD7F11 /* SearchViewModel.swift */; };
		5E2E81672A670E7D00FD7F11 /* EasterEggView.swift in Sources */ = {isa = PBXBuildFile; fileRef = 5E2E81662A670E7D00FD7F11 /* EasterEggView.swift */; };
		5E2E81692A67115600FD7F11 /* UIDevice+Extension.swift in Sources */ = {isa = PBXBuildFile; fileRef = 5E2E81682A67115600FD7F11 /* UIDevice+Extension.swift */; };
		5E2E816B2A67117500FD7F11 /* UIWindow+Extension.swift in Sources */ = {isa = PBXBuildFile; fileRef = 5E2E816A2A67117500FD7F11 /* UIWindow+Extension.swift */; };
		5E2E816E2A6711A900FD7F11 /* ShakeViewModifier.swift in Sources */ = {isa = PBXBuildFile; fileRef = 5E2E816D2A6711A900FD7F11 /* ShakeViewModifier.swift */; };
		5E2E81702A671DA600FD7F11 /* EasterEggViewModel.swift in Sources */ = {isa = PBXBuildFile; fileRef = 5E2E816F2A671DA600FD7F11 /* EasterEggViewModel.swift */; };
		5E2E81722A6746A500FD7F11 /* SearchType.swift in Sources */ = {isa = PBXBuildFile; fileRef = 5E2E81712A6746A500FD7F11 /* SearchType.swift */; };
		5E2E81742A6751C100FD7F11 /* PokemonListResponse.swift in Sources */ = {isa = PBXBuildFile; fileRef = 5E2E81732A6751C100FD7F11 /* PokemonListResponse.swift */; };
		5E2E81772A6761D400FD7F11 /* HomeRowView.swift in Sources */ = {isa = PBXBuildFile; fileRef = 5E2E81762A6761D400FD7F11 /* HomeRowView.swift */; };
		5E2E81792A684B6F00FD7F11 /* PokemonTypes.swift in Sources */ = {isa = PBXBuildFile; fileRef = 5E2E81782A684B6F00FD7F11 /* PokemonTypes.swift */; };
		5E2E817B2A684FF900FD7F11 /* Color+Extension.swift in Sources */ = {isa = PBXBuildFile; fileRef = 5E2E817A2A684FF900FD7F11 /* Color+Extension.swift */; };
		5E2E817E2A685E2400FD7F11 /* BubbleTypeView.swift in Sources */ = {isa = PBXBuildFile; fileRef = 5E2E817D2A685E2400FD7F11 /* BubbleTypeView.swift */; };
		5E2E81802A6864C700FD7F11 /* LoaderView.swift in Sources */ = {isa = PBXBuildFile; fileRef = 5E2E817F2A6864C700FD7F11 /* LoaderView.swift */; };
		5E47E3C42A65F97F00AAB5DA /* Injector in Frameworks */ = {isa = PBXBuildFile; productRef = 5E47E3C32A65F97F00AAB5DA /* Injector */; };
		5E47E3C72A65F98900AAB5DA /* NetworkLayer in Frameworks */ = {isa = PBXBuildFile; productRef = 5E47E3C62A65F98900AAB5DA /* NetworkLayer */; };
		5E47E3C92A66044000AAB5DA /* CustomAsyncImage.swift in Sources */ = {isa = PBXBuildFile; fileRef = 5E47E3C82A66044000AAB5DA /* CustomAsyncImage.swift */; };
		5E573BBE2A65EAC10060C266 /* Poke_CompanionApp.swift in Sources */ = {isa = PBXBuildFile; fileRef = 5E573BBD2A65EAC10060C266 /* Poke_CompanionApp.swift */; };
		5E573BC02A65EAC10060C266 /* HomeView.swift in Sources */ = {isa = PBXBuildFile; fileRef = 5E573BBF2A65EAC10060C266 /* HomeView.swift */; };
		5E573BC22A65EAC20060C266 /* Assets.xcassets in Resources */ = {isa = PBXBuildFile; fileRef = 5E573BC12A65EAC20060C266 /* Assets.xcassets */; };
		5E573BC52A65EAC20060C266 /* Preview Assets.xcassets in Resources */ = {isa = PBXBuildFile; fileRef = 5E573BC42A65EAC20060C266 /* Preview Assets.xcassets */; };
		5E6A1AFB2A65EFCA00709467 /* Shaders.metal in Sources */ = {isa = PBXBuildFile; fileRef = 5E6A1AFA2A65EFCA00709467 /* Shaders.metal */; };
		5E6A1AFD2A65F0C000709467 /* AnimatedLoader.swift in Sources */ = {isa = PBXBuildFile; fileRef = 5E6A1AFC2A65F0C000709467 /* AnimatedLoader.swift */; };
		5E6A1B002A65F0FD00709467 /* View+Extension.swift in Sources */ = {isa = PBXBuildFile; fileRef = 5E6A1AFF2A65F0FD00709467 /* View+Extension.swift */; };
		5E6A1B062A65F37000709467 /* HomeViewModel.swift in Sources */ = {isa = PBXBuildFile; fileRef = 5E6A1B052A65F37000709467 /* HomeViewModel.swift */; };
		5E6A1B092A65F48800709467 /* Pokemon.swift in Sources */ = {isa = PBXBuildFile; fileRef = 5E6A1B082A65F48800709467 /* Pokemon.swift */; };
		5E6A1B0E2A65F54A00709467 /* PokemonServiceProtocol.swift in Sources */ = {isa = PBXBuildFile; fileRef = 5E6A1B0D2A65F54A00709467 /* PokemonServiceProtocol.swift */; };
		5E6A1B122A65F5BA00709467 /* AppError.swift in Sources */ = {isa = PBXBuildFile; fileRef = 5E6A1B112A65F5BA00709467 /* AppError.swift */; };
		5E6A1B142A65F65E00709467 /* PokemonAPI.swift in Sources */ = {isa = PBXBuildFile; fileRef = 5E6A1B132A65F65E00709467 /* PokemonAPI.swift */; };
		5E6A1B172A65F7FB00709467 /* BaseViewModel.swift in Sources */ = {isa = PBXBuildFile; fileRef = 5E6A1B162A65F7FB00709467 /* BaseViewModel.swift */; };
		5EEA542E2A6DA1A700BCFDB2 /* Lottie in Frameworks */ = {isa = PBXBuildFile; productRef = 5EEA542D2A6DA1A700BCFDB2 /* Lottie */; };
		5EEA54302A6DA41A00BCFDB2 /* LottieView.swift in Sources */ = {isa = PBXBuildFile; fileRef = 5EEA542F2A6DA41A00BCFDB2 /* LottieView.swift */; };
/* End PBXBuildFile section */

/* Begin PBXFileReference section */
		5E2E81532A66C74900FD7F11 /* RootView.swift */ = {isa = PBXFileReference; lastKnownFileType = sourcecode.swift; path = RootView.swift; sourceTree = "<group>"; };
		5E2E81562A66C7C100FD7F11 /* AppState.swift */ = {isa = PBXFileReference; lastKnownFileType = sourcecode.swift; path = AppState.swift; sourceTree = "<group>"; };
		5E2E81582A66C7E300FD7F11 /* Tab.swift */ = {isa = PBXFileReference; lastKnownFileType = sourcecode.swift; path = Tab.swift; sourceTree = "<group>"; };
		5E2E815D2A66FACE00FD7F11 /* MenuView.swift */ = {isa = PBXFileReference; lastKnownFileType = sourcecode.swift; path = MenuView.swift; sourceTree = "<group>"; };
		5E2E815F2A66FE9400FD7F11 /* AppInfo.swift */ = {isa = PBXFileReference; lastKnownFileType = sourcecode.swift; path = AppInfo.swift; sourceTree = "<group>"; };
		5E2E81612A670B5D00FD7F11 /* SearchView.swift */ = {isa = PBXFileReference; lastKnownFileType = sourcecode.swift; path = SearchView.swift; sourceTree = "<group>"; };
		5E2E81632A670B8200FD7F11 /* SearchViewModel.swift */ = {isa = PBXFileReference; lastKnownFileType = sourcecode.swift; path = SearchViewModel.swift; sourceTree = "<group>"; };
		5E2E81662A670E7D00FD7F11 /* EasterEggView.swift */ = {isa = PBXFileReference; lastKnownFileType = sourcecode.swift; path = EasterEggView.swift; sourceTree = "<group>"; };
		5E2E81682A67115600FD7F11 /* UIDevice+Extension.swift */ = {isa = PBXFileReference; lastKnownFileType = sourcecode.swift; path = "UIDevice+Extension.swift"; sourceTree = "<group>"; };
		5E2E816A2A67117500FD7F11 /* UIWindow+Extension.swift */ = {isa = PBXFileReference; lastKnownFileType = sourcecode.swift; path = "UIWindow+Extension.swift"; sourceTree = "<group>"; };
		5E2E816D2A6711A900FD7F11 /* ShakeViewModifier.swift */ = {isa = PBXFileReference; lastKnownFileType = sourcecode.swift; path = ShakeViewModifier.swift; sourceTree = "<group>"; };
		5E2E816F2A671DA600FD7F11 /* EasterEggViewModel.swift */ = {isa = PBXFileReference; lastKnownFileType = sourcecode.swift; path = EasterEggViewModel.swift; sourceTree = "<group>"; };
		5E2E81712A6746A500FD7F11 /* SearchType.swift */ = {isa = PBXFileReference; lastKnownFileType = sourcecode.swift; path = SearchType.swift; sourceTree = "<group>"; };
		5E2E81732A6751C100FD7F11 /* PokemonListResponse.swift */ = {isa = PBXFileReference; lastKnownFileType = sourcecode.swift; path = PokemonListResponse.swift; sourceTree = "<group>"; };
		5E2E81762A6761D400FD7F11 /* HomeRowView.swift */ = {isa = PBXFileReference; lastKnownFileType = sourcecode.swift; path = HomeRowView.swift; sourceTree = "<group>"; };
		5E2E81782A684B6F00FD7F11 /* PokemonTypes.swift */ = {isa = PBXFileReference; lastKnownFileType = sourcecode.swift; path = PokemonTypes.swift; sourceTree = "<group>"; };
		5E2E817A2A684FF900FD7F11 /* Color+Extension.swift */ = {isa = PBXFileReference; lastKnownFileType = sourcecode.swift; path = "Color+Extension.swift"; sourceTree = "<group>"; };
		5E2E817D2A685E2400FD7F11 /* BubbleTypeView.swift */ = {isa = PBXFileReference; lastKnownFileType = sourcecode.swift; path = BubbleTypeView.swift; sourceTree = "<group>"; };
		5E2E817F2A6864C700FD7F11 /* LoaderView.swift */ = {isa = PBXFileReference; lastKnownFileType = sourcecode.swift; path = LoaderView.swift; sourceTree = "<group>"; };
		5E47E3C82A66044000AAB5DA /* CustomAsyncImage.swift */ = {isa = PBXFileReference; lastKnownFileType = sourcecode.swift; path = CustomAsyncImage.swift; sourceTree = "<group>"; };
		5E573BBA2A65EAC10060C266 /* Poke-Companion.app */ = {isa = PBXFileReference; explicitFileType = wrapper.application; includeInIndex = 0; path = "Poke-Companion.app"; sourceTree = BUILT_PRODUCTS_DIR; };
		5E573BBD2A65EAC10060C266 /* Poke_CompanionApp.swift */ = {isa = PBXFileReference; lastKnownFileType = sourcecode.swift; path = Poke_CompanionApp.swift; sourceTree = "<group>"; };
		5E573BBF2A65EAC10060C266 /* HomeView.swift */ = {isa = PBXFileReference; lastKnownFileType = sourcecode.swift; path = HomeView.swift; sourceTree = "<group>"; };
		5E573BC12A65EAC20060C266 /* Assets.xcassets */ = {isa = PBXFileReference; lastKnownFileType = folder.assetcatalog; path = Assets.xcassets; sourceTree = "<group>"; };
		5E573BC42A65EAC20060C266 /* Preview Assets.xcassets */ = {isa = PBXFileReference; lastKnownFileType = folder.assetcatalog; path = "Preview Assets.xcassets"; sourceTree = "<group>"; };
		5E6A1AFA2A65EFCA00709467 /* Shaders.metal */ = {isa = PBXFileReference; fileEncoding = 4; lastKnownFileType = sourcecode.metal; path = Shaders.metal; sourceTree = "<group>"; };
		5E6A1AFC2A65F0C000709467 /* AnimatedLoader.swift */ = {isa = PBXFileReference; lastKnownFileType = sourcecode.swift; path = AnimatedLoader.swift; sourceTree = "<group>"; };
		5E6A1AFF2A65F0FD00709467 /* View+Extension.swift */ = {isa = PBXFileReference; lastKnownFileType = sourcecode.swift; path = "View+Extension.swift"; sourceTree = "<group>"; };
		5E6A1B052A65F37000709467 /* HomeViewModel.swift */ = {isa = PBXFileReference; lastKnownFileType = sourcecode.swift; path = HomeViewModel.swift; sourceTree = "<group>"; };
		5E6A1B082A65F48800709467 /* Pokemon.swift */ = {isa = PBXFileReference; lastKnownFileType = sourcecode.swift; path = Pokemon.swift; sourceTree = "<group>"; };
		5E6A1B0D2A65F54A00709467 /* PokemonServiceProtocol.swift */ = {isa = PBXFileReference; lastKnownFileType = sourcecode.swift; path = PokemonServiceProtocol.swift; sourceTree = "<group>"; };
		5E6A1B112A65F5BA00709467 /* AppError.swift */ = {isa = PBXFileReference; lastKnownFileType = sourcecode.swift; path = AppError.swift; sourceTree = "<group>"; };
		5E6A1B132A65F65E00709467 /* PokemonAPI.swift */ = {isa = PBXFileReference; lastKnownFileType = sourcecode.swift; path = PokemonAPI.swift; sourceTree = "<group>"; };
		5E6A1B162A65F7FB00709467 /* BaseViewModel.swift */ = {isa = PBXFileReference; lastKnownFileType = sourcecode.swift; path = BaseViewModel.swift; sourceTree = "<group>"; };
		5EEA542F2A6DA41A00BCFDB2 /* LottieView.swift */ = {isa = PBXFileReference; lastKnownFileType = sourcecode.swift; path = LottieView.swift; sourceTree = "<group>"; };
/* End PBXFileReference section */

/* Begin PBXFrameworksBuildPhase section */
		5E573BB72A65EAC10060C266 /* Frameworks */ = {
			isa = PBXFrameworksBuildPhase;
			buildActionMask = 2147483647;
			files = (
				5E47E3C42A65F97F00AAB5DA /* Injector in Frameworks */,
				5E47E3C72A65F98900AAB5DA /* NetworkLayer in Frameworks */,
				5EEA542E2A6DA1A700BCFDB2 /* Lottie in Frameworks */,
			);
			runOnlyForDeploymentPostprocessing = 0;
		};
/* End PBXFrameworksBuildPhase section */

/* Begin PBXGroup section */
		5E2E81552A66C7AE00FD7F11 /* Utility */ = {
			isa = PBXGroup;
			children = (
				5E2E81562A66C7C100FD7F11 /* AppState.swift */,
				5E2E815F2A66FE9400FD7F11 /* AppInfo.swift */,
			);
			path = Utility;
			sourceTree = "<group>";
		};
		5E2E815A2A66F84A00FD7F11 /* Menu */ = {
			isa = PBXGroup;
			children = (
				5E2E815D2A66FACE00FD7F11 /* MenuView.swift */,
			);
			path = Menu;
			sourceTree = "<group>";
		};
		5E2E815B2A66F84E00FD7F11 /* Home */ = {
			isa = PBXGroup;
			children = (
				5E573BBF2A65EAC10060C266 /* HomeView.swift */,
				5E6A1B052A65F37000709467 /* HomeViewModel.swift */,
				5E2E81762A6761D400FD7F11 /* HomeRowView.swift */,
			);
			path = Home;
			sourceTree = "<group>";
		};
		5E2E815C2A66F85200FD7F11 /* Search */ = {
			isa = PBXGroup;
			children = (
				5E2E81612A670B5D00FD7F11 /* SearchView.swift */,
				5E2E81632A670B8200FD7F11 /* SearchViewModel.swift */,
			);
			path = Search;
			sourceTree = "<group>";
		};
		5E2E81652A670E6C00FD7F11 /* EasterEgg */ = {
			isa = PBXGroup;
			children = (
				5E2E81662A670E7D00FD7F11 /* EasterEggView.swift */,
				5E2E816F2A671DA600FD7F11 /* EasterEggViewModel.swift */,
			);
			path = EasterEgg;
			sourceTree = "<group>";
		};
		5E2E816C2A67119D00FD7F11 /* Modifier */ = {
			isa = PBXGroup;
			children = (
				5E2E816D2A6711A900FD7F11 /* ShakeViewModifier.swift */,
			);
			path = Modifier;
			sourceTree = "<group>";
		};
		5E2E817C2A685E0B00FD7F11 /* BubbleType */ = {
			isa = PBXGroup;
			children = (
				5E2E817D2A685E2400FD7F11 /* BubbleTypeView.swift */,
			);
			path = BubbleType;
			sourceTree = "<group>";
		};
		5E573BB12A65EAC10060C266 = {
			isa = PBXGroup;
			children = (
				5E573BBC2A65EAC10060C266 /* Poke-Companion */,
				5E573BBB2A65EAC10060C266 /* Products */,
				5E94A6CF2A65EF64002F53D7 /* Frameworks */,
			);
			sourceTree = "<group>";
		};
		5E573BBB2A65EAC10060C266 /* Products */ = {
			isa = PBXGroup;
			children = (
				5E573BBA2A65EAC10060C266 /* Poke-Companion.app */,
			);
			name = Products;
			sourceTree = "<group>";
		};
		5E573BBC2A65EAC10060C266 /* Poke-Companion */ = {
			isa = PBXGroup;
			children = (
				5E573BBD2A65EAC10060C266 /* Poke_CompanionApp.swift */,
				5E6A1B022A65F1EE00709467 /* Tools */,
				5E6A1B0A2A65F50D00709467 /* Network */,
				5E6A1B072A65F3E100709467 /* Model */,
				5E6A1B012A65F1E500709467 /* View */,
				5E573BC12A65EAC20060C266 /* Assets.xcassets */,
				5E573BC32A65EAC20060C266 /* Preview Content */,
			);
			path = "Poke-Companion";
			sourceTree = "<group>";
		};
		5E573BC32A65EAC20060C266 /* Preview Content */ = {
			isa = PBXGroup;
			children = (
				5E573BC42A65EAC20060C266 /* Preview Assets.xcassets */,
			);
			path = "Preview Content";
			sourceTree = "<group>";
		};
		5E6A1AF92A65EFBE00709467 /* Metal */ = {
			isa = PBXGroup;
			children = (
				5E6A1AFA2A65EFCA00709467 /* Shaders.metal */,
			);
			path = Metal;
			sourceTree = "<group>";
		};
		5E6A1AFE2A65F0F200709467 /* Extension */ = {
			isa = PBXGroup;
			children = (
				5E6A1AFF2A65F0FD00709467 /* View+Extension.swift */,
				5E2E81682A67115600FD7F11 /* UIDevice+Extension.swift */,
				5E2E816A2A67117500FD7F11 /* UIWindow+Extension.swift */,
				5E2E817A2A684FF900FD7F11 /* Color+Extension.swift */,
			);
			path = Extension;
			sourceTree = "<group>";
		};
		5E6A1B012A65F1E500709467 /* View */ = {
			isa = PBXGroup;
			children = (
				5E2E817C2A685E0B00FD7F11 /* BubbleType */,
				5E2E81652A670E6C00FD7F11 /* EasterEgg */,
				5E2E815C2A66F85200FD7F11 /* Search */,
				5E2E815B2A66F84E00FD7F11 /* Home */,
				5E2E815A2A66F84A00FD7F11 /* Menu */,
				5E2E81532A66C74900FD7F11 /* RootView.swift */,
			);
			path = View;
			sourceTree = "<group>";
		};
		5E6A1B022A65F1EE00709467 /* Tools */ = {
			isa = PBXGroup;
			children = (
				5E2E816C2A67119D00FD7F11 /* Modifier */,
				5E2E81552A66C7AE00FD7F11 /* Utility */,
				5E6A1B152A65F7F100709467 /* ViewModel */,
				5E6A1B102A65F5AF00709467 /* Error */,
				5E6A1AFE2A65F0F200709467 /* Extension */,
				5E6A1AF92A65EFBE00709467 /* Metal */,
				5E6A1B032A65F1F200709467 /* UI */,
			);
			path = Tools;
			sourceTree = "<group>";
		};
		5E6A1B032A65F1F200709467 /* UI */ = {
			isa = PBXGroup;
			children = (
				5E6A1AFC2A65F0C000709467 /* AnimatedLoader.swift */,
				5E47E3C82A66044000AAB5DA /* CustomAsyncImage.swift */,
				5E2E817F2A6864C700FD7F11 /* LoaderView.swift */,
				5EEA542F2A6DA41A00BCFDB2 /* LottieView.swift */,
			);
			path = UI;
			sourceTree = "<group>";
		};
		5E6A1B072A65F3E100709467 /* Model */ = {
			isa = PBXGroup;
			children = (
				5E6A1B082A65F48800709467 /* Pokemon.swift */,
				5E2E81582A66C7E300FD7F11 /* Tab.swift */,
				5E2E81712A6746A500FD7F11 /* SearchType.swift */,
				5E2E81782A684B6F00FD7F11 /* PokemonTypes.swift */,
			);
			path = Model;
			sourceTree = "<group>";
		};
		5E6A1B0A2A65F50D00709467 /* Network */ = {
			isa = PBXGroup;
			children = (
				5E6A1B0F2A65F56200709467 /* Pokemon */,
			);
			path = Network;
			sourceTree = "<group>";
		};
		5E6A1B0F2A65F56200709467 /* Pokemon */ = {
			isa = PBXGroup;
			children = (
				5E6A1B0D2A65F54A00709467 /* PokemonServiceProtocol.swift */,
				5E6A1B132A65F65E00709467 /* PokemonAPI.swift */,
				5E2E81732A6751C100FD7F11 /* PokemonListResponse.swift */,
			);
			path = Pokemon;
			sourceTree = "<group>";
		};
		5E6A1B102A65F5AF00709467 /* Error */ = {
			isa = PBXGroup;
			children = (
				5E6A1B112A65F5BA00709467 /* AppError.swift */,
			);
			path = Error;
			sourceTree = "<group>";
		};
		5E6A1B152A65F7F100709467 /* ViewModel */ = {
			isa = PBXGroup;
			children = (
				5E6A1B162A65F7FB00709467 /* BaseViewModel.swift */,
			);
			path = ViewModel;
			sourceTree = "<group>";
		};
		5E94A6CF2A65EF64002F53D7 /* Frameworks */ = {
			isa = PBXGroup;
			children = (
			);
			name = Frameworks;
			sourceTree = "<group>";
		};
/* End PBXGroup section */

/* Begin PBXNativeTarget section */
		5E573BB92A65EAC10060C266 /* Poke-Companion */ = {
			isa = PBXNativeTarget;
			buildConfigurationList = 5E573BC82A65EAC20060C266 /* Build configuration list for PBXNativeTarget "Poke-Companion" */;
			buildPhases = (
				5E573BB62A65EAC10060C266 /* Sources */,
				5E573BB72A65EAC10060C266 /* Frameworks */,
				5E573BB82A65EAC10060C266 /* Resources */,
			);
			buildRules = (
			);
			dependencies = (
			);
			name = "Poke-Companion";
			packageProductDependencies = (
				5E47E3C32A65F97F00AAB5DA /* Injector */,
				5E47E3C62A65F98900AAB5DA /* NetworkLayer */,
				5EEA542D2A6DA1A700BCFDB2 /* Lottie */,
			);
			productName = "Poke-Companion";
			productReference = 5E573BBA2A65EAC10060C266 /* Poke-Companion.app */;
			productType = "com.apple.product-type.application";
		};
/* End PBXNativeTarget section */

/* Begin PBXProject section */
		5E573BB22A65EAC10060C266 /* Project object */ = {
			isa = PBXProject;
			attributes = {
				BuildIndependentTargetsInParallel = 1;
				LastSwiftUpdateCheck = 1430;
				LastUpgradeCheck = 1500;
				TargetAttributes = {
					5E573BB92A65EAC10060C266 = {
						CreatedOnToolsVersion = 14.3;
					};
				};
			};
			buildConfigurationList = 5E573BB52A65EAC10060C266 /* Build configuration list for PBXProject "Poke-Companion" */;
			compatibilityVersion = "Xcode 14.0";
			developmentRegion = en;
			hasScannedForEncodings = 0;
			knownRegions = (
				en,
				Base,
			);
			mainGroup = 5E573BB12A65EAC10060C266;
			packageReferences = (
				5E47E3C22A65F97F00AAB5DA /* XCLocalSwiftPackageReference "Packages/Injector" */,
				5E47E3C52A65F98900AAB5DA /* XCLocalSwiftPackageReference "Packages/NetworkLayer" */,
				5EEA542C2A6DA1A700BCFDB2 /* XCRemoteSwiftPackageReference "lottie-spm" */,
			);
			productRefGroup = 5E573BBB2A65EAC10060C266 /* Products */;
			projectDirPath = "";
			projectRoot = "";
			targets = (
				5E573BB92A65EAC10060C266 /* Poke-Companion */,
			);
		};
/* End PBXProject section */

/* Begin PBXResourcesBuildPhase section */
		5E573BB82A65EAC10060C266 /* Resources */ = {
			isa = PBXResourcesBuildPhase;
			buildActionMask = 2147483647;
			files = (
				5E573BC52A65EAC20060C266 /* Preview Assets.xcassets in Resources */,
				5E573BC22A65EAC20060C266 /* Assets.xcassets in Resources */,
			);
			runOnlyForDeploymentPostprocessing = 0;
		};
/* End PBXResourcesBuildPhase section */

/* Begin PBXSourcesBuildPhase section */
		5E573BB62A65EAC10060C266 /* Sources */ = {
			isa = PBXSourcesBuildPhase;
			buildActionMask = 2147483647;
			files = (
				5E6A1B092A65F48800709467 /* Pokemon.swift in Sources */,
				5E2E81692A67115600FD7F11 /* UIDevice+Extension.swift in Sources */,
				5E6A1B172A65F7FB00709467 /* BaseViewModel.swift in Sources */,
				5E2E81672A670E7D00FD7F11 /* EasterEggView.swift in Sources */,
				5E2E81742A6751C100FD7F11 /* PokemonListResponse.swift in Sources */,
				5E6A1AFB2A65EFCA00709467 /* Shaders.metal in Sources */,
				5E6A1B122A65F5BA00709467 /* AppError.swift in Sources */,
				5E2E817B2A684FF900FD7F11 /* Color+Extension.swift in Sources */,
				5E2E81702A671DA600FD7F11 /* EasterEggViewModel.swift in Sources */,
				5E2E81642A670B8200FD7F11 /* SearchViewModel.swift in Sources */,
				5E6A1B0E2A65F54A00709467 /* PokemonServiceProtocol.swift in Sources */,
				5E6A1AFD2A65F0C000709467 /* AnimatedLoader.swift in Sources */,
				5E2E81792A684B6F00FD7F11 /* PokemonTypes.swift in Sources */,
				5E6A1B142A65F65E00709467 /* PokemonAPI.swift in Sources */,
				5E6A1B062A65F37000709467 /* HomeViewModel.swift in Sources */,
				5E6A1B002A65F0FD00709467 /* View+Extension.swift in Sources */,
				5E2E815E2A66FACE00FD7F11 /* MenuView.swift in Sources */,
				5E2E81622A670B5D00FD7F11 /* SearchView.swift in Sources */,
				5E2E81572A66C7C100FD7F11 /* AppState.swift in Sources */,
				5E2E816B2A67117500FD7F11 /* UIWindow+Extension.swift in Sources */,
				5E2E81542A66C74900FD7F11 /* RootView.swift in Sources */,
				5E47E3C92A66044000AAB5DA /* CustomAsyncImage.swift in Sources */,
				5E2E81602A66FE9400FD7F11 /* AppInfo.swift in Sources */,
				5EEA54302A6DA41A00BCFDB2 /* LottieView.swift in Sources */,
				5E2E816E2A6711A900FD7F11 /* ShakeViewModifier.swift in Sources */,
				5E2E817E2A685E2400FD7F11 /* BubbleTypeView.swift in Sources */,
				5E2E81592A66C7E300FD7F11 /* Tab.swift in Sources */,
				5E2E81772A6761D400FD7F11 /* HomeRowView.swift in Sources */,
				5E2E81722A6746A500FD7F11 /* SearchType.swift in Sources */,
				5E573BC02A65EAC10060C266 /* HomeView.swift in Sources */,
				5E2E81802A6864C700FD7F11 /* LoaderView.swift in Sources */,
				5E573BBE2A65EAC10060C266 /* Poke_CompanionApp.swift in Sources */,
			);
			runOnlyForDeploymentPostprocessing = 0;
		};
/* End PBXSourcesBuildPhase section */

/* Begin XCBuildConfiguration section */
		5E573BC62A65EAC20060C266 /* Debug */ = {
			isa = XCBuildConfiguration;
			buildSettings = {
				ALWAYS_SEARCH_USER_PATHS = NO;
				CLANG_ANALYZER_NONNULL = YES;
				CLANG_ANALYZER_NUMBER_OBJECT_CONVERSION = YES_AGGRESSIVE;
				CLANG_CXX_LANGUAGE_STANDARD = "gnu++20";
				CLANG_ENABLE_MODULES = YES;
				CLANG_ENABLE_OBJC_ARC = YES;
				CLANG_ENABLE_OBJC_WEAK = YES;
				CLANG_WARN_BLOCK_CAPTURE_AUTORELEASING = YES;
				CLANG_WARN_BOOL_CONVERSION = YES;
				CLANG_WARN_COMMA = YES;
				CLANG_WARN_CONSTANT_CONVERSION = YES;
				CLANG_WARN_DEPRECATED_OBJC_IMPLEMENTATIONS = YES;
				CLANG_WARN_DIRECT_OBJC_ISA_USAGE = YES_ERROR;
				CLANG_WARN_DOCUMENTATION_COMMENTS = YES;
				CLANG_WARN_EMPTY_BODY = YES;
				CLANG_WARN_ENUM_CONVERSION = YES;
				CLANG_WARN_INFINITE_RECURSION = YES;
				CLANG_WARN_INT_CONVERSION = YES;
				CLANG_WARN_NON_LITERAL_NULL_CONVERSION = YES;
				CLANG_WARN_OBJC_IMPLICIT_RETAIN_SELF = YES;
				CLANG_WARN_OBJC_LITERAL_CONVERSION = YES;
				CLANG_WARN_OBJC_ROOT_CLASS = YES_ERROR;
				CLANG_WARN_QUOTED_INCLUDE_IN_FRAMEWORK_HEADER = YES;
				CLANG_WARN_RANGE_LOOP_ANALYSIS = YES;
				CLANG_WARN_STRICT_PROTOTYPES = YES;
				CLANG_WARN_SUSPICIOUS_MOVE = YES;
				CLANG_WARN_UNGUARDED_AVAILABILITY = YES_AGGRESSIVE;
				CLANG_WARN_UNREACHABLE_CODE = YES;
				CLANG_WARN__DUPLICATE_METHOD_MATCH = YES;
				COPY_PHASE_STRIP = NO;
				DEBUG_INFORMATION_FORMAT = dwarf;
				ENABLE_STRICT_OBJC_MSGSEND = YES;
				ENABLE_TESTABILITY = YES;
				ENABLE_USER_SCRIPT_SANDBOXING = YES;
				GCC_C_LANGUAGE_STANDARD = gnu11;
				GCC_DYNAMIC_NO_PIC = NO;
				GCC_NO_COMMON_BLOCKS = YES;
				GCC_OPTIMIZATION_LEVEL = 0;
				GCC_PREPROCESSOR_DEFINITIONS = (
					"DEBUG=1",
					"$(inherited)",
				);
				GCC_WARN_64_TO_32_BIT_CONVERSION = YES;
				GCC_WARN_ABOUT_RETURN_TYPE = YES_ERROR;
				GCC_WARN_UNDECLARED_SELECTOR = YES;
				GCC_WARN_UNINITIALIZED_AUTOS = YES_AGGRESSIVE;
				GCC_WARN_UNUSED_FUNCTION = YES;
				GCC_WARN_UNUSED_VARIABLE = YES;
				IPHONEOS_DEPLOYMENT_TARGET = 16.4;
				MTL_ENABLE_DEBUG_INFO = INCLUDE_SOURCE;
				MTL_FAST_MATH = YES;
				ONLY_ACTIVE_ARCH = YES;
				SDKROOT = iphoneos;
				SWIFT_ACTIVE_COMPILATION_CONDITIONS = DEBUG;
				SWIFT_OPTIMIZATION_LEVEL = "-Onone";
			};
			name = Debug;
		};
		5E573BC72A65EAC20060C266 /* Release */ = {
			isa = XCBuildConfiguration;
			buildSettings = {
				ALWAYS_SEARCH_USER_PATHS = NO;
				CLANG_ANALYZER_NONNULL = YES;
				CLANG_ANALYZER_NUMBER_OBJECT_CONVERSION = YES_AGGRESSIVE;
				CLANG_CXX_LANGUAGE_STANDARD = "gnu++20";
				CLANG_ENABLE_MODULES = YES;
				CLANG_ENABLE_OBJC_ARC = YES;
				CLANG_ENABLE_OBJC_WEAK = YES;
				CLANG_WARN_BLOCK_CAPTURE_AUTORELEASING = YES;
				CLANG_WARN_BOOL_CONVERSION = YES;
				CLANG_WARN_COMMA = YES;
				CLANG_WARN_CONSTANT_CONVERSION = YES;
				CLANG_WARN_DEPRECATED_OBJC_IMPLEMENTATIONS = YES;
				CLANG_WARN_DIRECT_OBJC_ISA_USAGE = YES_ERROR;
				CLANG_WARN_DOCUMENTATION_COMMENTS = YES;
				CLANG_WARN_EMPTY_BODY = YES;
				CLANG_WARN_ENUM_CONVERSION = YES;
				CLANG_WARN_INFINITE_RECURSION = YES;
				CLANG_WARN_INT_CONVERSION = YES;
				CLANG_WARN_NON_LITERAL_NULL_CONVERSION = YES;
				CLANG_WARN_OBJC_IMPLICIT_RETAIN_SELF = YES;
				CLANG_WARN_OBJC_LITERAL_CONVERSION = YES;
				CLANG_WARN_OBJC_ROOT_CLASS = YES_ERROR;
				CLANG_WARN_QUOTED_INCLUDE_IN_FRAMEWORK_HEADER = YES;
				CLANG_WARN_RANGE_LOOP_ANALYSIS = YES;
				CLANG_WARN_STRICT_PROTOTYPES = YES;
				CLANG_WARN_SUSPICIOUS_MOVE = YES;
				CLANG_WARN_UNGUARDED_AVAILABILITY = YES_AGGRESSIVE;
				CLANG_WARN_UNREACHABLE_CODE = YES;
				CLANG_WARN__DUPLICATE_METHOD_MATCH = YES;
				COPY_PHASE_STRIP = NO;
				DEBUG_INFORMATION_FORMAT = "dwarf-with-dsym";
				ENABLE_NS_ASSERTIONS = NO;
				ENABLE_STRICT_OBJC_MSGSEND = YES;
				ENABLE_USER_SCRIPT_SANDBOXING = YES;
				GCC_C_LANGUAGE_STANDARD = gnu11;
				GCC_NO_COMMON_BLOCKS = YES;
				GCC_WARN_64_TO_32_BIT_CONVERSION = YES;
				GCC_WARN_ABOUT_RETURN_TYPE = YES_ERROR;
				GCC_WARN_UNDECLARED_SELECTOR = YES;
				GCC_WARN_UNINITIALIZED_AUTOS = YES_AGGRESSIVE;
				GCC_WARN_UNUSED_FUNCTION = YES;
				GCC_WARN_UNUSED_VARIABLE = YES;
				IPHONEOS_DEPLOYMENT_TARGET = 16.4;
				MTL_ENABLE_DEBUG_INFO = NO;
				MTL_FAST_MATH = YES;
				SDKROOT = iphoneos;
				SWIFT_COMPILATION_MODE = wholemodule;
				SWIFT_OPTIMIZATION_LEVEL = "-O";
				VALIDATE_PRODUCT = YES;
			};
			name = Release;
		};
		5E573BC92A65EAC20060C266 /* Debug */ = {
			isa = XCBuildConfiguration;
			buildSettings = {
				ASSETCATALOG_COMPILER_APPICON_NAME = AppIcon;
				ASSETCATALOG_COMPILER_GLOBAL_ACCENT_COLOR_NAME = AccentColor;
				CODE_SIGN_STYLE = Automatic;
				CURRENT_PROJECT_VERSION = 1;
				DEVELOPMENT_ASSET_PATHS = "\"Poke-Companion/Preview Content\"";
				DEVELOPMENT_TEAM = 3GM74G8X25;
				ENABLE_PREVIEWS = YES;
				GENERATE_INFOPLIST_FILE = YES;
				INFOPLIST_KEY_UIApplicationSceneManifest_Generation = YES;
				INFOPLIST_KEY_UIApplicationSupportsIndirectInputEvents = YES;
				INFOPLIST_KEY_UILaunchScreen_Generation = YES;
				INFOPLIST_KEY_UISupportedInterfaceOrientations_iPad = "UIInterfaceOrientationPortrait UIInterfaceOrientationPortraitUpsideDown UIInterfaceOrientationLandscapeLeft UIInterfaceOrientationLandscapeRight";
				INFOPLIST_KEY_UISupportedInterfaceOrientations_iPhone = "UIInterfaceOrientationPortrait UIInterfaceOrientationLandscapeLeft UIInterfaceOrientationLandscapeRight";
				IPHONEOS_DEPLOYMENT_TARGET = 17.0;
				LD_RUNPATH_SEARCH_PATHS = (
					"$(inherited)",
					"@executable_path/Frameworks",
				);
				MARKETING_VERSION = 1.0;
				PRODUCT_BUNDLE_IDENTIFIER = "com.nassim.Poke-Companion";
				PRODUCT_NAME = "$(TARGET_NAME)";
				SWIFT_EMIT_LOC_STRINGS = YES;
				SWIFT_VERSION = 5.0;
				TARGETED_DEVICE_FAMILY = "1,2";
			};
			name = Debug;
		};
		5E573BCA2A65EAC20060C266 /* Release */ = {
			isa = XCBuildConfiguration;
			buildSettings = {
				ASSETCATALOG_COMPILER_APPICON_NAME = AppIcon;
				ASSETCATALOG_COMPILER_GLOBAL_ACCENT_COLOR_NAME = AccentColor;
				CODE_SIGN_STYLE = Automatic;
				CURRENT_PROJECT_VERSION = 1;
				DEVELOPMENT_ASSET_PATHS = "\"Poke-Companion/Preview Content\"";
				DEVELOPMENT_TEAM = 3GM74G8X25;
				ENABLE_PREVIEWS = YES;
				GENERATE_INFOPLIST_FILE = YES;
				INFOPLIST_KEY_UIApplicationSceneManifest_Generation = YES;
				INFOPLIST_KEY_UIApplicationSupportsIndirectInputEvents = YES;
				INFOPLIST_KEY_UILaunchScreen_Generation = YES;
				INFOPLIST_KEY_UISupportedInterfaceOrientations_iPad = "UIInterfaceOrientationPortrait UIInterfaceOrientationPortraitUpsideDown UIInterfaceOrientationLandscapeLeft UIInterfaceOrientationLandscapeRight";
				INFOPLIST_KEY_UISupportedInterfaceOrientations_iPhone = "UIInterfaceOrientationPortrait UIInterfaceOrientationLandscapeLeft UIInterfaceOrientationLandscapeRight";
				IPHONEOS_DEPLOYMENT_TARGET = 17.0;
				LD_RUNPATH_SEARCH_PATHS = (
					"$(inherited)",
					"@executable_path/Frameworks",
				);
				MARKETING_VERSION = 1.0;
				PRODUCT_BUNDLE_IDENTIFIER = "com.nassim.Poke-Companion";
				PRODUCT_NAME = "$(TARGET_NAME)";
				SWIFT_EMIT_LOC_STRINGS = YES;
				SWIFT_VERSION = 5.0;
				TARGETED_DEVICE_FAMILY = "1,2";
			};
			name = Release;
		};
/* End XCBuildConfiguration section */

/* Begin XCConfigurationList section */
		5E573BB52A65EAC10060C266 /* Build configuration list for PBXProject "Poke-Companion" */ = {
			isa = XCConfigurationList;
			buildConfigurations = (
				5E573BC62A65EAC20060C266 /* Debug */,
				5E573BC72A65EAC20060C266 /* Release */,
			);
			defaultConfigurationIsVisible = 0;
			defaultConfigurationName = Release;
		};
		5E573BC82A65EAC20060C266 /* Build configuration list for PBXNativeTarget "Poke-Companion" */ = {
			isa = XCConfigurationList;
			buildConfigurations = (
				5E573BC92A65EAC20060C266 /* Debug */,
				5E573BCA2A65EAC20060C266 /* Release */,
			);
			defaultConfigurationIsVisible = 0;
			defaultConfigurationName = Release;
		};
/* End XCConfigurationList section */

/* Begin XCLocalSwiftPackageReference section */
		5E47E3C22A65F97F00AAB5DA /* XCLocalSwiftPackageReference "Packages/Injector" */ = {
			isa = XCLocalSwiftPackageReference;
			relativePath = Packages/Injector;
		};
		5E47E3C52A65F98900AAB5DA /* XCLocalSwiftPackageReference "Packages/NetworkLayer" */ = {
			isa = XCLocalSwiftPackageReference;
			relativePath = Packages/NetworkLayer;
		};
/* End XCLocalSwiftPackageReference section */

/* Begin XCRemoteSwiftPackageReference section */
		5EEA542C2A6DA1A700BCFDB2 /* XCRemoteSwiftPackageReference "lottie-spm" */ = {
			isa = XCRemoteSwiftPackageReference;
			repositoryURL = "https://github.com/airbnb/lottie-spm.git";
			requirement = {
				kind = upToNextMajorVersion;
				minimumVersion = 4.2.0;
			};
		};
/* End XCRemoteSwiftPackageReference section */

/* Begin XCSwiftPackageProductDependency section */
		5E47E3C32A65F97F00AAB5DA /* Injector */ = {
			isa = XCSwiftPackageProductDependency;
			productName = Injector;
		};
		5E47E3C62A65F98900AAB5DA /* NetworkLayer */ = {
			isa = XCSwiftPackageProductDependency;
			productName = NetworkLayer;
		};
		5EEA542D2A6DA1A700BCFDB2 /* Lottie */ = {
			isa = XCSwiftPackageProductDependency;
			package = 5EEA542C2A6DA1A700BCFDB2 /* XCRemoteSwiftPackageReference "lottie-spm" */;
			productName = Lottie;
		};
/* End XCSwiftPackageProductDependency section */
	};
	rootObject = 5E573BB22A65EAC10060C266 /* Project object */;
}
